
Microsoft Visual Studio Solution File, Format Version 12.00
# Visual Studio 15
Project("{FAE04EC0-301F-11D3-BF4B-00C04F79EFBC}") = "Assembly-CSharp", "Assembly-CSharp.csproj", "{42B68F0B-6702-F1EC-891C-45A828DEE59C}"
EndProject
Project("{FAE04EC0-301F-11D3-BF4B-00C04F79EFBC}") = "Assembly-CSharp-Editor", "Assembly-CSharp-Editor.csproj", "{6C399F0B-F0D2-7D34-36C2-4110833E142A}"
EndProject
Global
	GlobalSection(SolutionConfigurationPlatforms) = preSolution
		Debug|Any CPU = Debug|Any CPU
		Release|Any CPU = Release|Any CPU
	EndGlobalSection
	GlobalSection(ProjectConfigurationPlatforms) = postSolution
		{42B68F0B-6702-F1EC-891C-45A828DEE59C}.Debug|Any CPU.ActiveCfg = Debug|Any CPU
		{42B68F0B-6702-F1EC-891C-45A828DEE59C}.Debug|Any CPU.Build.0 = Debug|Any CPU
		{42B68F0B-6702-F1EC-891C-45A828DEE59C}.Release|Any CPU.ActiveCfg = Release|Any CPU
		{42B68F0B-6702-F1EC-891C-45A828DEE59C}.Release|Any CPU.Build.0 = Release|Any CPU
		{6C399F0B-F0D2-7D34-36C2-4110833E142A}.Debug|Any CPU.ActiveCfg = Debug|Any CPU
		{6C399F0B-F0D2-7D34-36C2-4110833E142A}.Debug|Any CPU.Build.0 = Debug|Any CPU
		{6C399F0B-F0D2-7D34-36C2-4110833E142A}.Release|Any CPU.ActiveCfg = Release|Any CPU
		{6C399F0B-F0D2-7D34-36C2-4110833E142A}.Release|Any CPU.Build.0 = Release|Any CPU
	EndGlobalSection
	GlobalSection(SolutionProperties) = preSolution
		HideSolutionNode = FALSE
	EndGlobalSection
EndGlobal
